// !$*UTF8*$!
{
	archiveVersion = 1;
	classes = {
	};
	objectVersion = 50;
	objects = {

/* Begin PBXBuildFile section */
		170566172452B08D00A7AF4B /* AppDelegate.swift in Sources */ = {isa = PBXBuildFile; fileRef = 170566162452B08D00A7AF4B /* AppDelegate.swift */; };
		170566192452B08D00A7AF4B /* SceneDelegate.swift in Sources */ = {isa = PBXBuildFile; fileRef = 170566182452B08D00A7AF4B /* SceneDelegate.swift */; };
		1705661B2452B08D00A7AF4B /* DDLMultistageViewController.swift in Sources */ = {isa = PBXBuildFile; fileRef = 1705661A2452B08D00A7AF4B /* DDLMultistageViewController.swift */; };
		1705661E2452B08D00A7AF4B /* Main.storyboard in Resources */ = {isa = PBXBuildFile; fileRef = 1705661C2452B08D00A7AF4B /* Main.storyboard */; };
		170566202452B09000A7AF4B /* Assets.xcassets in Resources */ = {isa = PBXBuildFile; fileRef = 1705661F2452B09000A7AF4B /* Assets.xcassets */; };
		170566232452B09000A7AF4B /* LaunchScreen.storyboard in Resources */ = {isa = PBXBuildFile; fileRef = 170566212452B09000A7AF4B /* LaunchScreen.storyboard */; };
		1705662E2452B09000A7AF4B /* MultistageBarTests.swift in Sources */ = {isa = PBXBuildFile; fileRef = 1705662D2452B09000A7AF4B /* MultistageBarTests.swift */; };
		170566392452B09000A7AF4B /* MultistageBarUITests.swift in Sources */ = {isa = PBXBuildFile; fileRef = 170566382452B09000A7AF4B /* MultistageBarUITests.swift */; };
		172121182455265C00F7695D /* DDLFirstTableContentVC.swift in Sources */ = {isa = PBXBuildFile; fileRef = 172121172455265C00F7695D /* DDLFirstTableContentVC.swift */; };
		172A2EAE251D98980072D325 /* AssetTools.swift in Sources */ = {isa = PBXBuildFile; fileRef = 172A2EA7251D98980072D325 /* AssetTools.swift */; };
		172A2EAF251D98980072D325 /* AlbumViewController.swift in Sources */ = {isa = PBXBuildFile; fileRef = 172A2EA8251D98980072D325 /* AlbumViewController.swift */; };
		172A2EB1251D98980072D325 /* AlbumImageCell.swift in Sources */ = {isa = PBXBuildFile; fileRef = 172A2EAA251D98980072D325 /* AlbumImageCell.swift */; };
		172A2EB2251D98980072D325 /* AlbumImageCell.xib in Resources */ = {isa = PBXBuildFile; fileRef = 172A2EAB251D98980072D325 /* AlbumImageCell.xib */; };
		172A2EB3251D98980072D325 /* AssetModel.swift in Sources */ = {isa = PBXBuildFile; fileRef = 172A2EAD251D98980072D325 /* AssetModel.swift */; };
		172A2EBB251DC4BB0072D325 /* AlbumTestViewController.swift in Sources */ = {isa = PBXBuildFile; fileRef = 172A2EBA251DC4BB0072D325 /* AlbumTestViewController.swift */; };
		172A2EBE251DD4870072D325 /* CaptureViewController.swift in Sources */ = {isa = PBXBuildFile; fileRef = 172A2EBD251DD4870072D325 /* CaptureViewController.swift */; };
		172A2EC0251DDD490072D325 /* CaptureImageEx.swift in Sources */ = {isa = PBXBuildFile; fileRef = 172A2EBF251DDD490072D325 /* CaptureImageEx.swift */; };
		172A2EC4251DF52D0072D325 /* Screen.swift in Sources */ = {isa = PBXBuildFile; fileRef = 172A2EC3251DF52D0072D325 /* Screen.swift */; };
		173871A524FE42DE0073FB22 /* RefreshNormalHeader.swift in Sources */ = {isa = PBXBuildFile; fileRef = 173871A124FE42DE0073FB22 /* RefreshNormalHeader.swift */; };
		173871A624FE42DE0073FB22 /* ScrollviewExtension.swift in Sources */ = {isa = PBXBuildFile; fileRef = 173871A224FE42DE0073FB22 /* ScrollviewExtension.swift */; };
		173871A724FE42DE0073FB22 /* RefreshNormalFooter.swift in Sources */ = {isa = PBXBuildFile; fileRef = 173871A324FE42DE0073FB22 /* RefreshNormalFooter.swift */; };
		173871A824FE42DE0073FB22 /* RefreshComponent.swift in Sources */ = {isa = PBXBuildFile; fileRef = 173871A424FE42DE0073FB22 /* RefreshComponent.swift */; };
		17412EDB245687F4003C239D /* DDLSecondTableContentVC.swift in Sources */ = {isa = PBXBuildFile; fileRef = 17412EDA245687F4003C239D /* DDLSecondTableContentVC.swift */; };
		174371FC2519A40500C0E9A7 /* CodableEx.swift in Sources */ = {isa = PBXBuildFile; fileRef = 174371FB2519A40500C0E9A7 /* CodableEx.swift */; };
		1746C3E0245A9DE9003DBB67 /* InitialViewController.swift in Sources */ = {isa = PBXBuildFile; fileRef = 1746C3DF245A9DE9003DBB67 /* InitialViewController.swift */; };
		174B89D9251C833A00087E72 /* SignInAppleViewController.swift in Sources */ = {isa = PBXBuildFile; fileRef = 174B89D8251C833A00087E72 /* SignInAppleViewController.swift */; };
		174B89E1251C83C600087E72 /* JSONViewController.swift in Sources */ = {isa = PBXBuildFile; fileRef = 174B89E0251C83C600087E72 /* JSONViewController.swift */; };
		174B89E6251C84ED00087E72 /* ProgressView.swift in Sources */ = {isa = PBXBuildFile; fileRef = 174B89E5251C84ED00087E72 /* ProgressView.swift */; };
		174B89EE251C91C800087E72 /* ProgressViewController.swift in Sources */ = {isa = PBXBuildFile; fileRef = 174B89ED251C91C800087E72 /* ProgressViewController.swift */; };
		1762E47B247FA5A3009B9612 /* DDLSegmentContentDatasource.swift in Sources */ = {isa = PBXBuildFile; fileRef = 1762E46F247FA5A3009B9612 /* DDLSegmentContentDatasource.swift */; };
		1762E47C247FA5A3009B9612 /* DDLSegmentColotUtils.swift in Sources */ = {isa = PBXBuildFile; fileRef = 1762E471247FA5A3009B9612 /* DDLSegmentColotUtils.swift */; };
		1762E47D247FA5A3009B9612 /* DDLSegmentMenuView.swift in Sources */ = {isa = PBXBuildFile; fileRef = 1762E473247FA5A3009B9612 /* DDLSegmentMenuView.swift */; };
		1762E47E247FA5A3009B9612 /* DDLSegmentCollectionView.swift in Sources */ = {isa = PBXBuildFile; fileRef = 1762E474247FA5A3009B9612 /* DDLSegmentCollectionView.swift */; };
		1762E47F247FA5A3009B9612 /* DDLSegmentItemProtocol.swift in Sources */ = {isa = PBXBuildFile; fileRef = 1762E476247FA5A3009B9612 /* DDLSegmentItemProtocol.swift */; };
		1762E480247FA5A3009B9612 /* DDLSegmentCellProtocol.swift in Sources */ = {isa = PBXBuildFile; fileRef = 1762E477247FA5A3009B9612 /* DDLSegmentCellProtocol.swift */; };
		1762E481247FA5A3009B9612 /* DDLSegmentModelProtocol.swift in Sources */ = {isa = PBXBuildFile; fileRef = 1762E478247FA5A3009B9612 /* DDLSegmentModelProtocol.swift */; };
		1762E483247FA5A3009B9612 /* DDLSegmentIndicatorProtocol.swift in Sources */ = {isa = PBXBuildFile; fileRef = 1762E47A247FA5A3009B9612 /* DDLSegmentIndicatorProtocol.swift */; };
		176A150225231049002EB14F /* SwipeTableView.swift in Sources */ = {isa = PBXBuildFile; fileRef = 176A150125231049002EB14F /* SwipeTableView.swift */; };
		176A1504252310E6002EB14F /* SwipeTestViewController.swift in Sources */ = {isa = PBXBuildFile; fileRef = 176A1503252310E6002EB14F /* SwipeTestViewController.swift */; };
		178FB02F2521774500A17272 /* AuthorizationTools.swift in Sources */ = {isa = PBXBuildFile; fileRef = 178FB02E2521774500A17272 /* AuthorizationTools.swift */; };
		1794035724C6D2C8000D2776 /* DDLOnlyTitleViewController.swift in Sources */ = {isa = PBXBuildFile; fileRef = 1794035624C6D2C8000D2776 /* DDLOnlyTitleViewController.swift */; };
		1794035924C6D2F3000D2776 /* DDLHeaderViewController.swift in Sources */ = {isa = PBXBuildFile; fileRef = 1794035824C6D2F3000D2776 /* DDLHeaderViewController.swift */; };
		179702D52531BB4900BCD88F /* MBCornerImageViewController.swift in Sources */ = {isa = PBXBuildFile; fileRef = 179702D42531BB4900BCD88F /* MBCornerImageViewController.swift */; };
		17A7307F25202A4A001D8170 /* CropViewController.swift in Sources */ = {isa = PBXBuildFile; fileRef = 17A7307E25202A4A001D8170 /* CropViewController.swift */; };
		17F1D2662530349D00721941 /* CornerImage.swift in Sources */ = {isa = PBXBuildFile; fileRef = 17F1D2652530349D00721941 /* CornerImage.swift */; };
/* End PBXBuildFile section */

/* Begin PBXContainerItemProxy section */
		1705662A2452B09000A7AF4B /* PBXContainerItemProxy */ = {
			isa = PBXContainerItemProxy;
			containerPortal = 1705660B2452B08D00A7AF4B /* Project object */;
			proxyType = 1;
			remoteGlobalIDString = 170566122452B08D00A7AF4B;
			remoteInfo = MultistageBar;
		};
		170566352452B09000A7AF4B /* PBXContainerItemProxy */ = {
			isa = PBXContainerItemProxy;
			containerPortal = 1705660B2452B08D00A7AF4B /* Project object */;
			proxyType = 1;
			remoteGlobalIDString = 170566122452B08D00A7AF4B;
			remoteInfo = MultistageBar;
		};
/* End PBXContainerItemProxy section */

/* Begin PBXFileReference section */
		170566132452B08D00A7AF4B /* MultistageBar.app */ = {isa = PBXFileReference; explicitFileType = wrapper.application; includeInIndex = 0; path = MultistageBar.app; sourceTree = BUILT_PRODUCTS_DIR; };
		170566162452B08D00A7AF4B /* AppDelegate.swift */ = {isa = PBXFileReference; lastKnownFileType = sourcecode.swift; path = AppDelegate.swift; sourceTree = "<group>"; };
		170566182452B08D00A7AF4B /* SceneDelegate.swift */ = {isa = PBXFileReference; lastKnownFileType = sourcecode.swift; path = SceneDelegate.swift; sourceTree = "<group>"; };
		1705661A2452B08D00A7AF4B /* DDLMultistageViewController.swift */ = {isa = PBXFileReference; lastKnownFileType = sourcecode.swift; path = DDLMultistageViewController.swift; sourceTree = "<group>"; };
		1705661D2452B08D00A7AF4B /* Base */ = {isa = PBXFileReference; lastKnownFileType = file.storyboard; name = Base; path = Base.lproj/Main.storyboard; sourceTree = "<group>"; };
		1705661F2452B09000A7AF4B /* Assets.xcassets */ = {isa = PBXFileReference; lastKnownFileType = folder.assetcatalog; path = Assets.xcassets; sourceTree = "<group>"; };
		170566222452B09000A7AF4B /* Base */ = {isa = PBXFileReference; lastKnownFileType = file.storyboard; name = Base; path = Base.lproj/LaunchScreen.storyboard; sourceTree = "<group>"; };
		170566242452B09000A7AF4B /* Info.plist */ = {isa = PBXFileReference; lastKnownFileType = text.plist.xml; path = Info.plist; sourceTree = "<group>"; };
		170566292452B09000A7AF4B /* MultistageBarTests.xctest */ = {isa = PBXFileReference; explicitFileType = wrapper.cfbundle; includeInIndex = 0; path = MultistageBarTests.xctest; sourceTree = BUILT_PRODUCTS_DIR; };
		1705662D2452B09000A7AF4B /* MultistageBarTests.swift */ = {isa = PBXFileReference; lastKnownFileType = sourcecode.swift; path = MultistageBarTests.swift; sourceTree = "<group>"; };
		1705662F2452B09000A7AF4B /* Info.plist */ = {isa = PBXFileReference; lastKnownFileType = text.plist.xml; path = Info.plist; sourceTree = "<group>"; };
		170566342452B09000A7AF4B /* MultistageBarUITests.xctest */ = {isa = PBXFileReference; explicitFileType = wrapper.cfbundle; includeInIndex = 0; path = MultistageBarUITests.xctest; sourceTree = BUILT_PRODUCTS_DIR; };
		170566382452B09000A7AF4B /* MultistageBarUITests.swift */ = {isa = PBXFileReference; lastKnownFileType = sourcecode.swift; path = MultistageBarUITests.swift; sourceTree = "<group>"; };
		1705663A2452B09000A7AF4B /* Info.plist */ = {isa = PBXFileReference; lastKnownFileType = text.plist.xml; path = Info.plist; sourceTree = "<group>"; };
		172121172455265C00F7695D /* DDLFirstTableContentVC.swift */ = {isa = PBXFileReference; lastKnownFileType = sourcecode.swift; path = DDLFirstTableContentVC.swift; sourceTree = "<group>"; };
		172A2EA7251D98980072D325 /* AssetTools.swift */ = {isa = PBXFileReference; fileEncoding = 4; lastKnownFileType = sourcecode.swift; path = AssetTools.swift; sourceTree = "<group>"; };
		172A2EA8251D98980072D325 /* AlbumViewController.swift */ = {isa = PBXFileReference; fileEncoding = 4; lastKnownFileType = sourcecode.swift; path = AlbumViewController.swift; sourceTree = "<group>"; };
		172A2EAA251D98980072D325 /* AlbumImageCell.swift */ = {isa = PBXFileReference; fileEncoding = 4; lastKnownFileType = sourcecode.swift; path = AlbumImageCell.swift; sourceTree = "<group>"; };
		172A2EAB251D98980072D325 /* AlbumImageCell.xib */ = {isa = PBXFileReference; fileEncoding = 4; lastKnownFileType = file.xib; path = AlbumImageCell.xib; sourceTree = "<group>"; };
		172A2EAD251D98980072D325 /* AssetModel.swift */ = {isa = PBXFileReference; fileEncoding = 4; lastKnownFileType = sourcecode.swift; path = AssetModel.swift; sourceTree = "<group>"; };
		172A2EB7251D9A800072D325 /* MultistageBar-Bridging-Header.h */ = {isa = PBXFileReference; lastKnownFileType = sourcecode.c.h; path = "MultistageBar-Bridging-Header.h"; sourceTree = "<group>"; };
		172A2EBA251DC4BB0072D325 /* AlbumTestViewController.swift */ = {isa = PBXFileReference; lastKnownFileType = sourcecode.swift; path = AlbumTestViewController.swift; sourceTree = "<group>"; };
		172A2EBD251DD4870072D325 /* CaptureViewController.swift */ = {isa = PBXFileReference; lastKnownFileType = sourcecode.swift; path = CaptureViewController.swift; sourceTree = "<group>"; };
		172A2EBF251DDD490072D325 /* CaptureImageEx.swift */ = {isa = PBXFileReference; lastKnownFileType = sourcecode.swift; path = CaptureImageEx.swift; sourceTree = "<group>"; };
		172A2EC3251DF52D0072D325 /* Screen.swift */ = {isa = PBXFileReference; lastKnownFileType = sourcecode.swift; path = Screen.swift; sourceTree = "<group>"; };
		173871A124FE42DE0073FB22 /* RefreshNormalHeader.swift */ = {isa = PBXFileReference; fileEncoding = 4; lastKnownFileType = sourcecode.swift; path = RefreshNormalHeader.swift; sourceTree = "<group>"; };
		173871A224FE42DE0073FB22 /* ScrollviewExtension.swift */ = {isa = PBXFileReference; fileEncoding = 4; lastKnownFileType = sourcecode.swift; path = ScrollviewExtension.swift; sourceTree = "<group>"; };
		173871A324FE42DE0073FB22 /* RefreshNormalFooter.swift */ = {isa = PBXFileReference; fileEncoding = 4; lastKnownFileType = sourcecode.swift; path = RefreshNormalFooter.swift; sourceTree = "<group>"; };
		173871A424FE42DE0073FB22 /* RefreshComponent.swift */ = {isa = PBXFileReference; fileEncoding = 4; lastKnownFileType = sourcecode.swift; path = RefreshComponent.swift; sourceTree = "<group>"; };
		17412EDA245687F4003C239D /* DDLSecondTableContentVC.swift */ = {isa = PBXFileReference; lastKnownFileType = sourcecode.swift; path = DDLSecondTableContentVC.swift; sourceTree = "<group>"; };
		174371FB2519A40500C0E9A7 /* CodableEx.swift */ = {isa = PBXFileReference; lastKnownFileType = sourcecode.swift; path = CodableEx.swift; sourceTree = "<group>"; };
		1746C3DF245A9DE9003DBB67 /* InitialViewController.swift */ = {isa = PBXFileReference; lastKnownFileType = sourcecode.swift; path = InitialViewController.swift; sourceTree = "<group>"; };
		174B89D8251C833A00087E72 /* SignInAppleViewController.swift */ = {isa = PBXFileReference; lastKnownFileType = sourcecode.swift; path = SignInAppleViewController.swift; sourceTree = "<group>"; };
		174B89E0251C83C600087E72 /* JSONViewController.swift */ = {isa = PBXFileReference; lastKnownFileType = sourcecode.swift; path = JSONViewController.swift; sourceTree = "<group>"; };
		174B89E5251C84ED00087E72 /* ProgressView.swift */ = {isa = PBXFileReference; lastKnownFileType = sourcecode.swift; path = ProgressView.swift; sourceTree = "<group>"; };
		174B89ED251C91C800087E72 /* ProgressViewController.swift */ = {isa = PBXFileReference; lastKnownFileType = sourcecode.swift; path = ProgressViewController.swift; sourceTree = "<group>"; };
		1762E46F247FA5A3009B9612 /* DDLSegmentContentDatasource.swift */ = {isa = PBXFileReference; fileEncoding = 4; lastKnownFileType = sourcecode.swift; path = DDLSegmentContentDatasource.swift; sourceTree = "<group>"; };
		1762E471247FA5A3009B9612 /* DDLSegmentColotUtils.swift */ = {isa = PBXFileReference; fileEncoding = 4; lastKnownFileType = sourcecode.swift; path = DDLSegmentColotUtils.swift; sourceTree = "<group>"; };
		1762E473247FA5A3009B9612 /* DDLSegmentMenuView.swift */ = {isa = PBXFileReference; fileEncoding = 4; lastKnownFileType = sourcecode.swift; path = DDLSegmentMenuView.swift; sourceTree = "<group>"; };
		1762E474247FA5A3009B9612 /* DDLSegmentCollectionView.swift */ = {isa = PBXFileReference; fileEncoding = 4; lastKnownFileType = sourcecode.swift; path = DDLSegmentCollectionView.swift; sourceTree = "<group>"; };
		1762E476247FA5A3009B9612 /* DDLSegmentItemProtocol.swift */ = {isa = PBXFileReference; fileEncoding = 4; lastKnownFileType = sourcecode.swift; path = DDLSegmentItemProtocol.swift; sourceTree = "<group>"; };
		1762E477247FA5A3009B9612 /* DDLSegmentCellProtocol.swift */ = {isa = PBXFileReference; fileEncoding = 4; lastKnownFileType = sourcecode.swift; path = DDLSegmentCellProtocol.swift; sourceTree = "<group>"; };
		1762E478247FA5A3009B9612 /* DDLSegmentModelProtocol.swift */ = {isa = PBXFileReference; fileEncoding = 4; lastKnownFileType = sourcecode.swift; path = DDLSegmentModelProtocol.swift; sourceTree = "<group>"; };
		1762E47A247FA5A3009B9612 /* DDLSegmentIndicatorProtocol.swift */ = {isa = PBXFileReference; fileEncoding = 4; lastKnownFileType = sourcecode.swift; path = DDLSegmentIndicatorProtocol.swift; sourceTree = "<group>"; };
		176A150125231049002EB14F /* SwipeTableView.swift */ = {isa = PBXFileReference; fileEncoding = 4; lastKnownFileType = sourcecode.swift; path = SwipeTableView.swift; sourceTree = "<group>"; };
		176A1503252310E6002EB14F /* SwipeTestViewController.swift */ = {isa = PBXFileReference; lastKnownFileType = sourcecode.swift; path = SwipeTestViewController.swift; sourceTree = "<group>"; };
		178FB02E2521774500A17272 /* AuthorizationTools.swift */ = {isa = PBXFileReference; lastKnownFileType = sourcecode.swift; path = AuthorizationTools.swift; sourceTree = "<group>"; };
		1794035624C6D2C8000D2776 /* DDLOnlyTitleViewController.swift */ = {isa = PBXFileReference; lastKnownFileType = sourcecode.swift; path = DDLOnlyTitleViewController.swift; sourceTree = "<group>"; };
		1794035824C6D2F3000D2776 /* DDLHeaderViewController.swift */ = {isa = PBXFileReference; lastKnownFileType = sourcecode.swift; path = DDLHeaderViewController.swift; sourceTree = "<group>"; };
		179702D42531BB4900BCD88F /* MBCornerImageViewController.swift */ = {isa = PBXFileReference; lastKnownFileType = sourcecode.swift; path = MBCornerImageViewController.swift; sourceTree = "<group>"; };
		17A7307E25202A4A001D8170 /* CropViewController.swift */ = {isa = PBXFileReference; lastKnownFileType = sourcecode.swift; path = CropViewController.swift; sourceTree = "<group>"; };
		17F1D2652530349D00721941 /* CornerImage.swift */ = {isa = PBXFileReference; lastKnownFileType = sourcecode.swift; path = CornerImage.swift; sourceTree = "<group>"; };
/* End PBXFileReference section */

/* Begin PBXFrameworksBuildPhase section */
		170566102452B08D00A7AF4B /* Frameworks */ = {
			isa = PBXFrameworksBuildPhase;
			buildActionMask = 2147483647;
			files = (
			);
			runOnlyForDeploymentPostprocessing = 0;
		};
		170566262452B09000A7AF4B /* Frameworks */ = {
			isa = PBXFrameworksBuildPhase;
			buildActionMask = 2147483647;
			files = (
			);
			runOnlyForDeploymentPostprocessing = 0;
		};
		170566312452B09000A7AF4B /* Frameworks */ = {
			isa = PBXFrameworksBuildPhase;
			buildActionMask = 2147483647;
			files = (
			);
			runOnlyForDeploymentPostprocessing = 0;
		};
/* End PBXFrameworksBuildPhase section */

/* Begin PBXGroup section */
		1705660A2452B08D00A7AF4B = {
			isa = PBXGroup;
			children = (
				170566152452B08D00A7AF4B /* MultistageBar */,
				1705662C2452B09000A7AF4B /* MultistageBarTests */,
				170566372452B09000A7AF4B /* MultistageBarUITests */,
				170566142452B08D00A7AF4B /* Products */,
			);
			sourceTree = "<group>";
		};
		170566142452B08D00A7AF4B /* Products */ = {
			isa = PBXGroup;
			children = (
				170566132452B08D00A7AF4B /* MultistageBar.app */,
				170566292452B09000A7AF4B /* MultistageBarTests.xctest */,
				170566342452B09000A7AF4B /* MultistageBarUITests.xctest */,
			);
			name = Products;
			sourceTree = "<group>";
		};
		170566152452B08D00A7AF4B /* MultistageBar */ = {
			isa = PBXGroup;
			children = (
				17F1D2612530343700721941 /* RoundedRectangle */,
				176A15002523100F002EB14F /* Swipe */,
				172A2EC1251DF5130072D325 /* Util */,
				172A2EA4251D98980072D325 /* Album */,
				174B89D4251C82D800087E72 /* SignInApple */,
				174371FA2519A3C200C0E9A7 /* JSONMap */,
				1794035A24C6D814000D2776 /* ProgressView */,
				173871A024FE42DE0073FB22 /* Refresh */,
				1762E46C247FA5A3009B9612 /* Segment */,
				170566162452B08D00A7AF4B /* AppDelegate.swift */,
				170566182452B08D00A7AF4B /* SceneDelegate.swift */,
				1746C3DF245A9DE9003DBB67 /* InitialViewController.swift */,
				1794035624C6D2C8000D2776 /* DDLOnlyTitleViewController.swift */,
				1794035824C6D2F3000D2776 /* DDLHeaderViewController.swift */,
				1705661A2452B08D00A7AF4B /* DDLMultistageViewController.swift */,
				172121172455265C00F7695D /* DDLFirstTableContentVC.swift */,
				17412EDA245687F4003C239D /* DDLSecondTableContentVC.swift */,
				1705661C2452B08D00A7AF4B /* Main.storyboard */,
				1705661F2452B09000A7AF4B /* Assets.xcassets */,
				170566212452B09000A7AF4B /* LaunchScreen.storyboard */,
				170566242452B09000A7AF4B /* Info.plist */,
				172A2EB7251D9A800072D325 /* MultistageBar-Bridging-Header.h */,
			);
			path = MultistageBar;
			sourceTree = "<group>";
		};
		1705662C2452B09000A7AF4B /* MultistageBarTests */ = {
			isa = PBXGroup;
			children = (
				1705662D2452B09000A7AF4B /* MultistageBarTests.swift */,
				1705662F2452B09000A7AF4B /* Info.plist */,
			);
			path = MultistageBarTests;
			sourceTree = "<group>";
		};
		170566372452B09000A7AF4B /* MultistageBarUITests */ = {
			isa = PBXGroup;
			children = (
				170566382452B09000A7AF4B /* MultistageBarUITests.swift */,
				1705663A2452B09000A7AF4B /* Info.plist */,
			);
			path = MultistageBarUITests;
			sourceTree = "<group>";
		};
		172A2EA4251D98980072D325 /* Album */ = {
			isa = PBXGroup;
			children = (
				172A2EBC251DD33A0072D325 /* TakePhoto */,
				172A2EB8251DC4910072D325 /* Album */,
				172A2EBA251DC4BB0072D325 /* AlbumTestViewController.swift */,
				178FB02E2521774500A17272 /* AuthorizationTools.swift */,
			);
			path = Album;
			sourceTree = "<group>";
		};
		172A2EA6251D98980072D325 /* AlbumTools */ = {
			isa = PBXGroup;
			children = (
				172A2EA7251D98980072D325 /* AssetTools.swift */,
			);
			path = AlbumTools;
			sourceTree = "<group>";
		};
		172A2EAC251D98980072D325 /* Model */ = {
			isa = PBXGroup;
			children = (
				172A2EAD251D98980072D325 /* AssetModel.swift */,
			);
			path = Model;
			sourceTree = "<group>";
		};
		172A2EB8251DC4910072D325 /* Album */ = {
			isa = PBXGroup;
			children = (
				172A2EA6251D98980072D325 /* AlbumTools */,
				172A2EA8251D98980072D325 /* AlbumViewController.swift */,
				172A2EAA251D98980072D325 /* AlbumImageCell.swift */,
				172A2EAB251D98980072D325 /* AlbumImageCell.xib */,
				172A2EAC251D98980072D325 /* Model */,
				17A7307E25202A4A001D8170 /* CropViewController.swift */,
			);
			path = Album;
			sourceTree = "<group>";
		};
		172A2EBC251DD33A0072D325 /* TakePhoto */ = {
			isa = PBXGroup;
			children = (
				172A2EBD251DD4870072D325 /* CaptureViewController.swift */,
				172A2EBF251DDD490072D325 /* CaptureImageEx.swift */,
			);
			path = TakePhoto;
			sourceTree = "<group>";
		};
		172A2EC1251DF5130072D325 /* Util */ = {
			isa = PBXGroup;
			children = (
				172A2EC3251DF52D0072D325 /* Screen.swift */,
			);
			path = Util;
			sourceTree = "<group>";
		};
		173871A024FE42DE0073FB22 /* Refresh */ = {
			isa = PBXGroup;
			children = (
				173871A124FE42DE0073FB22 /* RefreshNormalHeader.swift */,
				173871A224FE42DE0073FB22 /* ScrollviewExtension.swift */,
				173871A324FE42DE0073FB22 /* RefreshNormalFooter.swift */,
				173871A424FE42DE0073FB22 /* RefreshComponent.swift */,
			);
			path = Refresh;
			sourceTree = "<group>";
		};
		174371FA2519A3C200C0E9A7 /* JSONMap */ = {
			isa = PBXGroup;
			children = (
				174371FB2519A40500C0E9A7 /* CodableEx.swift */,
				174B89E0251C83C600087E72 /* JSONViewController.swift */,
			);
			path = JSONMap;
			sourceTree = "<group>";
		};
		174B89D4251C82D800087E72 /* SignInApple */ = {
			isa = PBXGroup;
			children = (
				174B89D8251C833A00087E72 /* SignInAppleViewController.swift */,
			);
			path = SignInApple;
			sourceTree = "<group>";
		};
		1762E46C247FA5A3009B9612 /* Segment */ = {
			isa = PBXGroup;
			children = (
				1762E46D247FA5A3009B9612 /* SegmentContent */,
				1762E470247FA5A3009B9612 /* YPJSegmentUtils */,
				1762E472247FA5A3009B9612 /* SegmentMenu */,
			);
			path = Segment;
			sourceTree = "<group>";
		};
		1762E46D247FA5A3009B9612 /* SegmentContent */ = {
			isa = PBXGroup;
			children = (
				1762E46E247FA5A3009B9612 /* item */,
			);
			path = SegmentContent;
			sourceTree = "<group>";
		};
		1762E46E247FA5A3009B9612 /* item */ = {
			isa = PBXGroup;
			children = (
				1762E46F247FA5A3009B9612 /* DDLSegmentContentDatasource.swift */,
			);
			path = item;
			sourceTree = "<group>";
		};
		1762E470247FA5A3009B9612 /* YPJSegmentUtils */ = {
			isa = PBXGroup;
			children = (
				1762E471247FA5A3009B9612 /* DDLSegmentColotUtils.swift */,
			);
			path = YPJSegmentUtils;
			sourceTree = "<group>";
		};
		1762E472247FA5A3009B9612 /* SegmentMenu */ = {
			isa = PBXGroup;
			children = (
				1762E473247FA5A3009B9612 /* DDLSegmentMenuView.swift */,
				1762E474247FA5A3009B9612 /* DDLSegmentCollectionView.swift */,
				1762E475247FA5A3009B9612 /* item */,
			);
			path = SegmentMenu;
			sourceTree = "<group>";
		};
		1762E475247FA5A3009B9612 /* item */ = {
			isa = PBXGroup;
			children = (
				1762E476247FA5A3009B9612 /* DDLSegmentItemProtocol.swift */,
				1762E477247FA5A3009B9612 /* DDLSegmentCellProtocol.swift */,
				1762E478247FA5A3009B9612 /* DDLSegmentModelProtocol.swift */,
				1762E47A247FA5A3009B9612 /* DDLSegmentIndicatorProtocol.swift */,
			);
			path = item;
			sourceTree = "<group>";
		};
		176A15002523100F002EB14F /* Swipe */ = {
			isa = PBXGroup;
			children = (
				176A150125231049002EB14F /* SwipeTableView.swift */,
				176A1503252310E6002EB14F /* SwipeTestViewController.swift */,
			);
			path = Swipe;
			sourceTree = "<group>";
		};
		1794035A24C6D814000D2776 /* ProgressView */ = {
			isa = PBXGroup;
			children = (
				174B89E5251C84ED00087E72 /* ProgressView.swift */,
				174B89ED251C91C800087E72 /* ProgressViewController.swift */,
			);
			path = ProgressView;
			sourceTree = "<group>";
		};
		17F1D2612530343700721941 /* RoundedRectangle */ = {
			isa = PBXGroup;
			children = (
				17F1D2652530349D00721941 /* CornerImage.swift */,
				179702D42531BB4900BCD88F /* MBCornerImageViewController.swift */,
			);
			path = RoundedRectangle;
			sourceTree = "<group>";
		};
/* End PBXGroup section */

/* Begin PBXNativeTarget section */
		170566122452B08D00A7AF4B /* MultistageBar */ = {
			isa = PBXNativeTarget;
			buildConfigurationList = 1705663D2452B09000A7AF4B /* Build configuration list for PBXNativeTarget "MultistageBar" */;
			buildPhases = (
				1705660F2452B08D00A7AF4B /* Sources */,
				170566102452B08D00A7AF4B /* Frameworks */,
				170566112452B08D00A7AF4B /* Resources */,
			);
			buildRules = (
			);
			dependencies = (
			);
			name = MultistageBar;
			productName = MultistageBar;
			productReference = 170566132452B08D00A7AF4B /* MultistageBar.app */;
			productType = "com.apple.product-type.application";
		};
		170566282452B09000A7AF4B /* MultistageBarTests */ = {
			isa = PBXNativeTarget;
			buildConfigurationList = 170566402452B09000A7AF4B /* Build configuration list for PBXNativeTarget "MultistageBarTests" */;
			buildPhases = (
				170566252452B09000A7AF4B /* Sources */,
				170566262452B09000A7AF4B /* Frameworks */,
				170566272452B09000A7AF4B /* Resources */,
			);
			buildRules = (
			);
			dependencies = (
				1705662B2452B09000A7AF4B /* PBXTargetDependency */,
			);
			name = MultistageBarTests;
			productName = MultistageBarTests;
			productReference = 170566292452B09000A7AF4B /* MultistageBarTests.xctest */;
			productType = "com.apple.product-type.bundle.unit-test";
		};
		170566332452B09000A7AF4B /* MultistageBarUITests */ = {
			isa = PBXNativeTarget;
			buildConfigurationList = 170566432452B09000A7AF4B /* Build configuration list for PBXNativeTarget "MultistageBarUITests" */;
			buildPhases = (
				170566302452B09000A7AF4B /* Sources */,
				170566312452B09000A7AF4B /* Frameworks */,
				170566322452B09000A7AF4B /* Resources */,
			);
			buildRules = (
			);
			dependencies = (
				170566362452B09000A7AF4B /* PBXTargetDependency */,
			);
			name = MultistageBarUITests;
			productName = MultistageBarUITests;
			productReference = 170566342452B09000A7AF4B /* MultistageBarUITests.xctest */;
			productType = "com.apple.product-type.bundle.ui-testing";
		};
/* End PBXNativeTarget section */

/* Begin PBXProject section */
		1705660B2452B08D00A7AF4B /* Project object */ = {
			isa = PBXProject;
			attributes = {
				LastSwiftUpdateCheck = 1120;
				LastUpgradeCheck = 1120;
				ORGANIZATIONNAME = x;
				TargetAttributes = {
					170566122452B08D00A7AF4B = {
						CreatedOnToolsVersion = 11.2.1;
					};
					170566282452B09000A7AF4B = {
						CreatedOnToolsVersion = 11.2.1;
						TestTargetID = 170566122452B08D00A7AF4B;
					};
					170566332452B09000A7AF4B = {
						CreatedOnToolsVersion = 11.2.1;
						TestTargetID = 170566122452B08D00A7AF4B;
					};
				};
			};
			buildConfigurationList = 1705660E2452B08D00A7AF4B /* Build configuration list for PBXProject "MultistageBar" */;
			compatibilityVersion = "Xcode 9.3";
			developmentRegion = en;
			hasScannedForEncodings = 0;
			knownRegions = (
				en,
				Base,
			);
			mainGroup = 1705660A2452B08D00A7AF4B;
			productRefGroup = 170566142452B08D00A7AF4B /* Products */;
			projectDirPath = "";
			projectRoot = "";
			targets = (
				170566122452B08D00A7AF4B /* MultistageBar */,
				170566282452B09000A7AF4B /* MultistageBarTests */,
				170566332452B09000A7AF4B /* MultistageBarUITests */,
			);
		};
/* End PBXProject section */

/* Begin PBXResourcesBuildPhase section */
		170566112452B08D00A7AF4B /* Resources */ = {
			isa = PBXResourcesBuildPhase;
			buildActionMask = 2147483647;
			files = (
				170566232452B09000A7AF4B /* LaunchScreen.storyboard in Resources */,
				170566202452B09000A7AF4B /* Assets.xcassets in Resources */,
				1705661E2452B08D00A7AF4B /* Main.storyboard in Resources */,
				172A2EB2251D98980072D325 /* AlbumImageCell.xib in Resources */,
			);
			runOnlyForDeploymentPostprocessing = 0;
		};
		170566272452B09000A7AF4B /* Resources */ = {
			isa = PBXResourcesBuildPhase;
			buildActionMask = 2147483647;
			files = (
			);
			runOnlyForDeploymentPostprocessing = 0;
		};
		170566322452B09000A7AF4B /* Resources */ = {
			isa = PBXResourcesBuildPhase;
			buildActionMask = 2147483647;
			files = (
			);
			runOnlyForDeploymentPostprocessing = 0;
		};
/* End PBXResourcesBuildPhase section */

/* Begin PBXSourcesBuildPhase section */
		1705660F2452B08D00A7AF4B /* Sources */ = {
			isa = PBXSourcesBuildPhase;
			buildActionMask = 2147483647;
			files = (
				176A1504252310E6002EB14F /* SwipeTestViewController.swift in Sources */,
				174B89EE251C91C800087E72 /* ProgressViewController.swift in Sources */,
				1746C3E0245A9DE9003DBB67 /* InitialViewController.swift in Sources */,
				1762E481247FA5A3009B9612 /* DDLSegmentModelProtocol.swift in Sources */,
				172A2EAF251D98980072D325 /* AlbumViewController.swift in Sources */,
				172121182455265C00F7695D /* DDLFirstTableContentVC.swift in Sources */,
				1705661B2452B08D00A7AF4B /* DDLMultistageViewController.swift in Sources */,
				17A7307F25202A4A001D8170 /* CropViewController.swift in Sources */,
				173871A724FE42DE0073FB22 /* RefreshNormalFooter.swift in Sources */,
				174B89E6251C84ED00087E72 /* ProgressView.swift in Sources */,
				1794035724C6D2C8000D2776 /* DDLOnlyTitleViewController.swift in Sources */,
				179702D52531BB4900BCD88F /* MBCornerImageViewController.swift in Sources */,
				172A2EBE251DD4870072D325 /* CaptureViewController.swift in Sources */,
				1762E47B247FA5A3009B9612 /* DDLSegmentContentDatasource.swift in Sources */,
				1762E47D247FA5A3009B9612 /* DDLSegmentMenuView.swift in Sources */,
				172A2EAE251D98980072D325 /* AssetTools.swift in Sources */,
				170566172452B08D00A7AF4B /* AppDelegate.swift in Sources */,
				173871A524FE42DE0073FB22 /* RefreshNormalHeader.swift in Sources */,
				1762E47C247FA5A3009B9612 /* DDLSegmentColotUtils.swift in Sources */,
				173871A824FE42DE0073FB22 /* RefreshComponent.swift in Sources */,
				176A150225231049002EB14F /* SwipeTableView.swift in Sources */,
				1762E480247FA5A3009B9612 /* DDLSegmentCellProtocol.swift in Sources */,
				173871A624FE42DE0073FB22 /* ScrollviewExtension.swift in Sources */,
				1762E483247FA5A3009B9612 /* DDLSegmentIndicatorProtocol.swift in Sources */,
				178FB02F2521774500A17272 /* AuthorizationTools.swift in Sources */,
				172A2EC0251DDD490072D325 /* CaptureImageEx.swift in Sources */,
				17F1D2662530349D00721941 /* CornerImage.swift in Sources */,
				1794035924C6D2F3000D2776 /* DDLHeaderViewController.swift in Sources */,
				1762E47F247FA5A3009B9612 /* DDLSegmentItemProtocol.swift in Sources */,
				170566192452B08D00A7AF4B /* SceneDelegate.swift in Sources */,
				174371FC2519A40500C0E9A7 /* CodableEx.swift in Sources */,
				172A2EB1251D98980072D325 /* AlbumImageCell.swift in Sources */,
				1762E47E247FA5A3009B9612 /* DDLSegmentCollectionView.swift in Sources */,
				172A2EBB251DC4BB0072D325 /* AlbumTestViewController.swift in Sources */,
				17412EDB245687F4003C239D /* DDLSecondTableContentVC.swift in Sources */,
				174B89D9251C833A00087E72 /* SignInAppleViewController.swift in Sources */,
				172A2EC4251DF52D0072D325 /* Screen.swift in Sources */,
				172A2EB3251D98980072D325 /* AssetModel.swift in Sources */,
				174B89E1251C83C600087E72 /* JSONViewController.swift in Sources */,
			);
			runOnlyForDeploymentPostprocessing = 0;
		};
		170566252452B09000A7AF4B /* Sources */ = {
			isa = PBXSourcesBuildPhase;
			buildActionMask = 2147483647;
			files = (
				1705662E2452B09000A7AF4B /* MultistageBarTests.swift in Sources */,
			);
			runOnlyForDeploymentPostprocessing = 0;
		};
		170566302452B09000A7AF4B /* Sources */ = {
			isa = PBXSourcesBuildPhase;
			buildActionMask = 2147483647;
			files = (
				170566392452B09000A7AF4B /* MultistageBarUITests.swift in Sources */,
			);
			runOnlyForDeploymentPostprocessing = 0;
		};
/* End PBXSourcesBuildPhase section */

/* Begin PBXTargetDependency section */
		1705662B2452B09000A7AF4B /* PBXTargetDependency */ = {
			isa = PBXTargetDependency;
			target = 170566122452B08D00A7AF4B /* MultistageBar */;
			targetProxy = 1705662A2452B09000A7AF4B /* PBXContainerItemProxy */;
		};
		170566362452B09000A7AF4B /* PBXTargetDependency */ = {
			isa = PBXTargetDependency;
			target = 170566122452B08D00A7AF4B /* MultistageBar */;
			targetProxy = 170566352452B09000A7AF4B /* PBXContainerItemProxy */;
		};
/* End PBXTargetDependency section */

/* Begin PBXVariantGroup section */
		1705661C2452B08D00A7AF4B /* Main.storyboard */ = {
			isa = PBXVariantGroup;
			children = (
				1705661D2452B08D00A7AF4B /* Base */,
			);
			name = Main.storyboard;
			sourceTree = "<group>";
		};
		170566212452B09000A7AF4B /* LaunchScreen.storyboard */ = {
			isa = PBXVariantGroup;
			children = (
				170566222452B09000A7AF4B /* Base */,
			);
			name = LaunchScreen.storyboard;
			sourceTree = "<group>";
		};
/* End PBXVariantGroup section */

/* Begin XCBuildConfiguration section */
		1705663B2452B09000A7AF4B /* Debug */ = {
			isa = XCBuildConfiguration;
			buildSettings = {
				ALWAYS_SEARCH_USER_PATHS = NO;
				CLANG_ANALYZER_NONNULL = YES;
				CLANG_ANALYZER_NUMBER_OBJECT_CONVERSION = YES_AGGRESSIVE;
				CLANG_CXX_LANGUAGE_STANDARD = "gnu++14";
				CLANG_CXX_LIBRARY = "libc++";
				CLANG_ENABLE_MODULES = YES;
				CLANG_ENABLE_OBJC_ARC = YES;
				CLANG_ENABLE_OBJC_WEAK = YES;
				CLANG_WARN_BLOCK_CAPTURE_AUTORELEASING = YES;
				CLANG_WARN_BOOL_CONVERSION = YES;
				CLANG_WARN_COMMA = YES;
				CLANG_WARN_CONSTANT_CONVERSION = YES;
				CLANG_WARN_DEPRECATED_OBJC_IMPLEMENTATIONS = YES;
				CLANG_WARN_DIRECT_OBJC_ISA_USAGE = YES_ERROR;
				CLANG_WARN_DOCUMENTATION_COMMENTS = YES;
				CLANG_WARN_EMPTY_BODY = YES;
				CLANG_WARN_ENUM_CONVERSION = YES;
				CLANG_WARN_INFINITE_RECURSION = YES;
				CLANG_WARN_INT_CONVERSION = YES;
				CLANG_WARN_NON_LITERAL_NULL_CONVERSION = YES;
				CLANG_WARN_OBJC_IMPLICIT_RETAIN_SELF = YES;
				CLANG_WARN_OBJC_LITERAL_CONVERSION = YES;
				CLANG_WARN_OBJC_ROOT_CLASS = YES_ERROR;
				CLANG_WARN_RANGE_LOOP_ANALYSIS = YES;
				CLANG_WARN_STRICT_PROTOTYPES = YES;
				CLANG_WARN_SUSPICIOUS_MOVE = YES;
				CLANG_WARN_UNGUARDED_AVAILABILITY = YES_AGGRESSIVE;
				CLANG_WARN_UNREACHABLE_CODE = YES;
				CLANG_WARN__DUPLICATE_METHOD_MATCH = YES;
				COPY_PHASE_STRIP = NO;
				DEBUG_INFORMATION_FORMAT = dwarf;
				ENABLE_STRICT_OBJC_MSGSEND = YES;
				ENABLE_TESTABILITY = YES;
				GCC_C_LANGUAGE_STANDARD = gnu11;
				GCC_DYNAMIC_NO_PIC = NO;
				GCC_NO_COMMON_BLOCKS = YES;
				GCC_OPTIMIZATION_LEVEL = 0;
				GCC_PREPROCESSOR_DEFINITIONS = (
					"DEBUG=1",
					"$(inherited)",
				);
				GCC_WARN_64_TO_32_BIT_CONVERSION = YES;
				GCC_WARN_ABOUT_RETURN_TYPE = YES_ERROR;
				GCC_WARN_UNDECLARED_SELECTOR = YES;
				GCC_WARN_UNINITIALIZED_AUTOS = YES_AGGRESSIVE;
				GCC_WARN_UNUSED_FUNCTION = YES;
				GCC_WARN_UNUSED_VARIABLE = YES;
				IPHONEOS_DEPLOYMENT_TARGET = 13.2;
				MTL_ENABLE_DEBUG_INFO = INCLUDE_SOURCE;
				MTL_FAST_MATH = YES;
				ONLY_ACTIVE_ARCH = YES;
				SDKROOT = iphoneos;
				SWIFT_ACTIVE_COMPILATION_CONDITIONS = DEBUG;
				SWIFT_OPTIMIZATION_LEVEL = "-Onone";
			};
			name = Debug;
		};
		1705663C2452B09000A7AF4B /* Release */ = {
			isa = XCBuildConfiguration;
			buildSettings = {
				ALWAYS_SEARCH_USER_PATHS = NO;
				CLANG_ANALYZER_NONNULL = YES;
				CLANG_ANALYZER_NUMBER_OBJECT_CONVERSION = YES_AGGRESSIVE;
				CLANG_CXX_LANGUAGE_STANDARD = "gnu++14";
				CLANG_CXX_LIBRARY = "libc++";
				CLANG_ENABLE_MODULES = YES;
				CLANG_ENABLE_OBJC_ARC = YES;
				CLANG_ENABLE_OBJC_WEAK = YES;
				CLANG_WARN_BLOCK_CAPTURE_AUTORELEASING = YES;
				CLANG_WARN_BOOL_CONVERSION = YES;
				CLANG_WARN_COMMA = YES;
				CLANG_WARN_CONSTANT_CONVERSION = YES;
				CLANG_WARN_DEPRECATED_OBJC_IMPLEMENTATIONS = YES;
				CLANG_WARN_DIRECT_OBJC_ISA_USAGE = YES_ERROR;
				CLANG_WARN_DOCUMENTATION_COMMENTS = YES;
				CLANG_WARN_EMPTY_BODY = YES;
				CLANG_WARN_ENUM_CONVERSION = YES;
				CLANG_WARN_INFINITE_RECURSION = YES;
				CLANG_WARN_INT_CONVERSION = YES;
				CLANG_WARN_NON_LITERAL_NULL_CONVERSION = YES;
				CLANG_WARN_OBJC_IMPLICIT_RETAIN_SELF = YES;
				CLANG_WARN_OBJC_LITERAL_CONVERSION = YES;
				CLANG_WARN_OBJC_ROOT_CLASS = YES_ERROR;
				CLANG_WARN_RANGE_LOOP_ANALYSIS = YES;
				CLANG_WARN_STRICT_PROTOTYPES = YES;
				CLANG_WARN_SUSPICIOUS_MOVE = YES;
				CLANG_WARN_UNGUARDED_AVAILABILITY = YES_AGGRESSIVE;
				CLANG_WARN_UNREACHABLE_CODE = YES;
				CLANG_WARN__DUPLICATE_METHOD_MATCH = YES;
				COPY_PHASE_STRIP = NO;
				DEBUG_INFORMATION_FORMAT = "dwarf-with-dsym";
				ENABLE_NS_ASSERTIONS = NO;
				ENABLE_STRICT_OBJC_MSGSEND = YES;
				GCC_C_LANGUAGE_STANDARD = gnu11;
				GCC_NO_COMMON_BLOCKS = YES;
				GCC_WARN_64_TO_32_BIT_CONVERSION = YES;
				GCC_WARN_ABOUT_RETURN_TYPE = YES_ERROR;
				GCC_WARN_UNDECLARED_SELECTOR = YES;
				GCC_WARN_UNINITIALIZED_AUTOS = YES_AGGRESSIVE;
				GCC_WARN_UNUSED_FUNCTION = YES;
				GCC_WARN_UNUSED_VARIABLE = YES;
				IPHONEOS_DEPLOYMENT_TARGET = 13.2;
				MTL_ENABLE_DEBUG_INFO = NO;
				MTL_FAST_MATH = YES;
				SDKROOT = iphoneos;
				SWIFT_COMPILATION_MODE = wholemodule;
				SWIFT_OPTIMIZATION_LEVEL = "-O";
				VALIDATE_PRODUCT = YES;
			};
			name = Release;
		};
		1705663E2452B09000A7AF4B /* Debug */ = {
			isa = XCBuildConfiguration;
			buildSettings = {
				ASSETCATALOG_COMPILER_APPICON_NAME = AppIcon;
				CODE_SIGN_STYLE = Automatic;
				DEVELOPMENT_TEAM = KTB22P584Z;
				INFOPLIST_FILE = MultistageBar/Info.plist;
				IPHONEOS_DEPLOYMENT_TARGET = 13.0;
				LD_RUNPATH_SEARCH_PATHS = (
					"$(inherited)",
					"@executable_path/Frameworks",
				);
				PRODUCT_BUNDLE_IDENTIFIER = com.yz.MultistageBar;
				PRODUCT_NAME = "$(TARGET_NAME)";
				SWIFT_OBJC_BRIDGING_HEADER = "";
				SWIFT_VERSION = 5.0;
				TARGETED_DEVICE_FAMILY = "1,2";
			};
			name = Debug;
		};
		1705663F2452B09000A7AF4B /* Release */ = {
			isa = XCBuildConfiguration;
			buildSettings = {
				ASSETCATALOG_COMPILER_APPICON_NAME = AppIcon;
				CODE_SIGN_STYLE = Automatic;
				DEVELOPMENT_TEAM = KTB22P584Z;
				INFOPLIST_FILE = MultistageBar/Info.plist;
				IPHONEOS_DEPLOYMENT_TARGET = 13.0;
				LD_RUNPATH_SEARCH_PATHS = (
					"$(inherited)",
					"@executable_path/Frameworks",
				);
				PRODUCT_BUNDLE_IDENTIFIER = com.yz.MultistageBar;
				PRODUCT_NAME = "$(TARGET_NAME)";
				SWIFT_OBJC_BRIDGING_HEADER = "";
				SWIFT_VERSION = 5.0;
				TARGETED_DEVICE_FAMILY = "1,2";
			};
			name = Release;
		};
		170566412452B09000A7AF4B /* Debug */ = {
			isa = XCBuildConfiguration;
			buildSettings = {
				ALWAYS_EMBED_SWIFT_STANDARD_LIBRARIES = YES;
				BUNDLE_LOADER = "$(TEST_HOST)";
				CODE_SIGN_STYLE = Automatic;
				INFOPLIST_FILE = MultistageBarTests/Info.plist;
				IPHONEOS_DEPLOYMENT_TARGET = 13.2;
				LD_RUNPATH_SEARCH_PATHS = (
					"$(inherited)",
					"@executable_path/Frameworks",
					"@loader_path/Frameworks",
				);
				PRODUCT_BUNDLE_IDENTIFIER = com.yz.MultistageBarTests;
				PRODUCT_NAME = "$(TARGET_NAME)";
				SWIFT_VERSION = 5.0;
				TARGETED_DEVICE_FAMILY = "1,2";
				TEST_HOST = "$(BUILT_PRODUCTS_DIR)/MultistageBar.app/MultistageBar";
			};
			name = Debug;
		};
		170566422452B09000A7AF4B /* Release */ = {
			isa = XCBuildConfiguration;
			buildSettings = {
				ALWAYS_EMBED_SWIFT_STANDARD_LIBRARIES = YES;
				BUNDLE_LOADER = "$(TEST_HOST)";
				CODE_SIGN_STYLE = Automatic;
				INFOPLIST_FILE = MultistageBarTests/Info.plist;
				IPHONEOS_DEPLOYMENT_TARGET = 13.2;
				LD_RUNPATH_SEARCH_PATHS = (
					"$(inherited)",
					"@executable_path/Frameworks",
					"@loader_path/Frameworks",
				);
				PRODUCT_BUNDLE_IDENTIFIER = com.yz.MultistageBarTests;
				PRODUCT_NAME = "$(TARGET_NAME)";
				SWIFT_VERSION = 5.0;
				TARGETED_DEVICE_FAMILY = "1,2";
				TEST_HOST = "$(BUILT_PRODUCTS_DIR)/MultistageBar.app/MultistageBar";
			};
			name = Release;
		};
		170566442452B09000A7AF4B /* Debug */ = {
			isa = XCBuildConfiguration;
			buildSettings = {
				ALWAYS_EMBED_SWIFT_STANDARD_LIBRARIES = YES;
				CODE_SIGN_STYLE = Automatic;
				INFOPLIST_FILE = MultistageBarUITests/Info.plist;
				LD_RUNPATH_SEARCH_PATHS = (
					"$(inherited)",
					"@executable_path/Frameworks",
					"@loader_path/Frameworks",
				);
				PRODUCT_BUNDLE_IDENTIFIER = com.yz.MultistageBarUITests;
				PRODUCT_NAME = "$(TARGET_NAME)";
				SWIFT_VERSION = 5.0;
				TARGETED_DEVICE_FAMILY = "1,2";
				TEST_TARGET_NAME = MultistageBar;
			};
			name = Debug;
		};
		170566452452B09000A7AF4B /* Release */ = {
			isa = XCBuildConfiguration;
			buildSettings = {
				ALWAYS_EMBED_SWIFT_STANDARD_LIBRARIES = YES;
				CODE_SIGN_STYLE = Automatic;
				INFOPLIST_FILE = MultistageBarUITests/Info.plist;
				LD_RUNPATH_SEARCH_PATHS = (
					"$(inherited)",
					"@executable_path/Frameworks",
					"@loader_path/Frameworks",
				);
				PRODUCT_BUNDLE_IDENTIFIER = com.yz.MultistageBarUITests;
				PRODUCT_NAME = "$(TARGET_NAME)";
				SWIFT_VERSION = 5.0;
				TARGETED_DEVICE_FAMILY = "1,2";
				TEST_TARGET_NAME = MultistageBar;
			};
			name = Release;
		};
/* End XCBuildConfiguration section */

/* Begin XCConfigurationList section */
		1705660E2452B08D00A7AF4B /* Build configuration list for PBXProject "MultistageBar" */ = {
			isa = XCConfigurationList;
			buildConfigurations = (
				1705663B2452B09000A7AF4B /* Debug */,
				1705663C2452B09000A7AF4B /* Release */,
			);
			defaultConfigurationIsVisible = 0;
			defaultConfigurationName = Release;
		};
		1705663D2452B09000A7AF4B /* Build configuration list for PBXNativeTarget "MultistageBar" */ = {
			isa = XCConfigurationList;
			buildConfigurations = (
				1705663E2452B09000A7AF4B /* Debug */,
				1705663F2452B09000A7AF4B /* Release */,
			);
			defaultConfigurationIsVisible = 0;
			defaultConfigurationName = Release;
		};
		170566402452B09000A7AF4B /* Build configuration list for PBXNativeTarget "MultistageBarTests" */ = {
			isa = XCConfigurationList;
			buildConfigurations = (
				170566412452B09000A7AF4B /* Debug */,
				170566422452B09000A7AF4B /* Release */,
			);
			defaultConfigurationIsVisible = 0;
			defaultConfigurationName = Release;
		};
		170566432452B09000A7AF4B /* Build configuration list for PBXNativeTarget "MultistageBarUITests" */ = {
			isa = XCConfigurationList;
			buildConfigurations = (
				170566442452B09000A7AF4B /* Debug */,
				170566452452B09000A7AF4B /* Release */,
			);
			defaultConfigurationIsVisible = 0;
			defaultConfigurationName = Release;
		};
/* End XCConfigurationList section */
	};
	rootObject = 1705660B2452B08D00A7AF4B /* Project object */;
}
